
Microsoft Visual Studio Solution File, Format Version 12.00
# Visual Studio Version 16
VisualStudioVersion = 16.0.29020.237
MinimumVisualStudioVersion = 10.0.40219.1
Project("{FAE04EC0-301F-11D3-BF4B-00C04F79EFBC}") = "ConsoleApplication", "Anagram Generator\ConsoleApplication.csproj", "{C508A4D9-EB5A-4029-A414-A453AB28E956}"
EndProject
Project("{9A19103F-16F7-4668-BE54-9A1E7A4F7556}") = "AnagramGenerator.Tests", "Tests\AnagramGenerator.Tests.csproj", "{A2A9521A-5EB6-4706-B130-DC1525132004}"
EndProject
Project("{9A19103F-16F7-4668-BE54-9A1E7A4F7556}") = "WebApp", "WebApp\WebApp.csproj", "{AC014659-62B7-483F-9160-670746898E6F}"
EndProject
Project("{9A19103F-16F7-4668-BE54-9A1E7A4F7556}") = "ClientConsoleApp", "ClientConsoleApp\ClientConsoleApp.csproj", "{0349876D-F674-4613-99AB-A959F13F6A1D}"
EndProject
Project("{9A19103F-16F7-4668-BE54-9A1E7A4F7556}") = "DatabaseFiller", "DatabaseFiller\DatabaseFiller.csproj", "{28EF5D5F-F0E9-4064-A354-58F1D669AB8B}"
EndProject
Project("{9A19103F-16F7-4668-BE54-9A1E7A4F7556}") = "AnagramGenerator.BusinessLogic", "AnagramGenerator.BusinessLogic\AnagramGenerator.BusinessLogic.csproj", "{2FDC7062-1495-437F-8CE3-CAA7082F3665}"
EndProject
Project("{9A19103F-16F7-4668-BE54-9A1E7A4F7556}") = "AnagramGenerator.Contracts", "AnagramGenerator.Contracts\AnagramGenerator.Contracts.csproj", "{AE2C0FEC-B860-409D-B462-1277542582E2}"
EndProject
Project("{9A19103F-16F7-4668-BE54-9A1E7A4F7556}") = "AnagramGenerator.EF.DatabaseFirst", "AnagramGenerator.EF.DatabaseFirst\AnagramGenerator.EF.DatabaseFirst.csproj", "{81997FDB-CB25-47FC-A8B2-953C0276767A}"
EndProject
Project("{9A19103F-16F7-4668-BE54-9A1E7A4F7556}") = "AnagramGenerator.Ef.CodeFirst", "AnagramGenerator.Ef.CodeFirst\AnagramGenerator.Ef.CodeFirst.csproj", "{10CA9182-17E1-475D-B50F-FA9D19AF697F}"
EndProject
Project("{9A19103F-16F7-4668-BE54-9A1E7A4F7556}") = "Generics", "Generics\Generics.csproj", "{97612713-D0B0-4656-A5A0-3B4924DEF275}"
EndProject
Global
	GlobalSection(SolutionConfigurationPlatforms) = preSolution
		Debug|Any CPU = Debug|Any CPU
		Release|Any CPU = Release|Any CPU
	EndGlobalSection
	GlobalSection(ProjectConfigurationPlatforms) = postSolution
		{C508A4D9-EB5A-4029-A414-A453AB28E956}.Debug|Any CPU.ActiveCfg = Debug|Any CPU
		{C508A4D9-EB5A-4029-A414-A453AB28E956}.Debug|Any CPU.Build.0 = Debug|Any CPU
		{C508A4D9-EB5A-4029-A414-A453AB28E956}.Release|Any CPU.ActiveCfg = Release|Any CPU
		{C508A4D9-EB5A-4029-A414-A453AB28E956}.Release|Any CPU.Build.0 = Release|Any CPU
		{A2A9521A-5EB6-4706-B130-DC1525132004}.Debug|Any CPU.ActiveCfg = Debug|Any CPU
		{A2A9521A-5EB6-4706-B130-DC1525132004}.Debug|Any CPU.Build.0 = Debug|Any CPU
		{A2A9521A-5EB6-4706-B130-DC1525132004}.Release|Any CPU.ActiveCfg = Release|Any CPU
		{A2A9521A-5EB6-4706-B130-DC1525132004}.Release|Any CPU.Build.0 = Release|Any CPU
		{AC014659-62B7-483F-9160-670746898E6F}.Debug|Any CPU.ActiveCfg = Debug|Any CPU
		{AC014659-62B7-483F-9160-670746898E6F}.Debug|Any CPU.Build.0 = Debug|Any CPU
		{AC014659-62B7-483F-9160-670746898E6F}.Release|Any CPU.ActiveCfg = Release|Any CPU
		{AC014659-62B7-483F-9160-670746898E6F}.Release|Any CPU.Build.0 = Release|Any CPU
		{0349876D-F674-4613-99AB-A959F13F6A1D}.Debug|Any CPU.ActiveCfg = Debug|Any CPU
		{0349876D-F674-4613-99AB-A959F13F6A1D}.Debug|Any CPU.Build.0 = Debug|Any CPU
		{0349876D-F674-4613-99AB-A959F13F6A1D}.Release|Any CPU.ActiveCfg = Release|Any CPU
		{0349876D-F674-4613-99AB-A959F13F6A1D}.Release|Any CPU.Build.0 = Release|Any CPU
		{28EF5D5F-F0E9-4064-A354-58F1D669AB8B}.Debug|Any CPU.ActiveCfg = Debug|Any CPU
		{28EF5D5F-F0E9-4064-A354-58F1D669AB8B}.Debug|Any CPU.Build.0 = Debug|Any CPU
		{28EF5D5F-F0E9-4064-A354-58F1D669AB8B}.Release|Any CPU.ActiveCfg = Release|Any CPU
		{28EF5D5F-F0E9-4064-A354-58F1D669AB8B}.Release|Any CPU.Build.0 = Release|Any CPU
		{2FDC7062-1495-437F-8CE3-CAA7082F3665}.Debug|Any CPU.ActiveCfg = Debug|Any CPU
		{2FDC7062-1495-437F-8CE3-CAA7082F3665}.Debug|Any CPU.Build.0 = Debug|Any CPU
		{2FDC7062-1495-437F-8CE3-CAA7082F3665}.Release|Any CPU.ActiveCfg = Release|Any CPU
		{2FDC7062-1495-437F-8CE3-CAA7082F3665}.Release|Any CPU.Build.0 = Release|Any CPU
		{AE2C0FEC-B860-409D-B462-1277542582E2}.Debug|Any CPU.ActiveCfg = Debug|Any CPU
		{AE2C0FEC-B860-409D-B462-1277542582E2}.Debug|Any CPU.Build.0 = Debug|Any CPU
		{AE2C0FEC-B860-409D-B462-1277542582E2}.Release|Any CPU.ActiveCfg = Release|Any CPU
		{AE2C0FEC-B860-409D-B462-1277542582E2}.Release|Any CPU.Build.0 = Release|Any CPU
		{81997FDB-CB25-47FC-A8B2-953C0276767A}.Debug|Any CPU.ActiveCfg = Debug|Any CPU
		{81997FDB-CB25-47FC-A8B2-953C0276767A}.Debug|Any CPU.Build.0 = Debug|Any CPU
		{81997FDB-CB25-47FC-A8B2-953C0276767A}.Release|Any CPU.ActiveCfg = Release|Any CPU
		{81997FDB-CB25-47FC-A8B2-953C0276767A}.Release|Any CPU.Build.0 = Release|Any CPU
		{10CA9182-17E1-475D-B50F-FA9D19AF697F}.Debug|Any CPU.ActiveCfg = Debug|Any CPU
		{10CA9182-17E1-475D-B50F-FA9D19AF697F}.Debug|Any CPU.Build.0 = Debug|Any CPU
		{10CA9182-17E1-475D-B50F-FA9D19AF697F}.Release|Any CPU.ActiveCfg = Release|Any CPU
		{10CA9182-17E1-475D-B50F-FA9D19AF697F}.Release|Any CPU.Build.0 = Release|Any CPU
		{97612713-D0B0-4656-A5A0-3B4924DEF275}.Debug|Any CPU.ActiveCfg = Debug|Any CPU
		{97612713-D0B0-4656-A5A0-3B4924DEF275}.Debug|Any CPU.Build.0 = Debug|Any CPU
		{97612713-D0B0-4656-A5A0-3B4924DEF275}.Release|Any CPU.ActiveCfg = Release|Any CPU
		{97612713-D0B0-4656-A5A0-3B4924DEF275}.Release|Any CPU.Build.0 = Release|Any CPU
	EndGlobalSection
	GlobalSection(SolutionProperties) = preSolution
		HideSolutionNode = FALSE
	EndGlobalSection
	GlobalSection(ExtensibilityGlobals) = postSolution
		SolutionGuid = {37BC6587-D1E3-4408-9637-3813EA231634}
	EndGlobalSection
EndGlobal
